
Microsoft Visual Studio Solution File, Format Version 12.00
# Visual Studio Version 17
VisualStudioVersion = 17.8.34330.188
MinimumVisualStudioVersion = 10.0.40219.1
Project("{FAE04EC0-301F-11D3-BF4B-00C04F79EFBC}") = "CleanNote", "CleanNote\CleanNote.csproj", "{3B1EA05D-63FD-4054-8C1A-0792DA82754C}"
EndProject
Global
	GlobalSection(SolutionConfigurationPlatforms) = preSolution
		Debug|Any CPU = Debug|Any CPU
		Release|Any CPU = Release|Any CPU
	EndGlobalSection
	GlobalSection(ProjectConfigurationPlatforms) = postSolution
		{3B1EA05D-63FD-4054-8C1A-0792DA82754C}.Debug|Any CPU.ActiveCfg = Debug|Any CPU
		{3B1EA05D-63FD-4054-8C1A-0792DA82754C}.Debug|Any CPU.Build.0 = Debug|Any CPU
		{3B1EA05D-63FD-4054-8C1A-0792DA82754C}.Debug|Any CPU.Deploy.0 = Debug|Any CPU
		{3B1EA05D-63FD-4054-8C1A-0792DA82754C}.Release|Any CPU.ActiveCfg = Release|Any CPU
		{3B1EA05D-63FD-4054-8C1A-0792DA82754C}.Release|Any CPU.Build.0 = Release|Any CPU
		{3B1EA05D-63FD-4054-8C1A-0792DA82754C}.Release|Any CPU.Deploy.0 = Release|Any CPU
	EndGlobalSection
	GlobalSection(SolutionProperties) = preSolution
		HideSolutionNode = FALSE
	EndGlobalSection
	GlobalSection(ExtensibilityGlobals) = postSolution
		SolutionGuid = {E7B45C57-4503-4DBC-83EA-12E79D885D26}
	EndGlobalSection
EndGlobal
